Microsoft Visual Studio Solution File, Format Version 12.00
# Visual Studio Version 17
VisualStudioVersion = 17.5.2.0
MinimumVisualStudioVersion = 10.0.40219.1
Project("{FAE04EC0-301F-11D3-BF4B-00C04F79EFBC}") = "Meal-Planning", "Meal-Planning.csproj", "{A74D2F73-C757-C0DA-DE14-52D93F4CA26C}"
EndProject
Global
	GlobalSection(SolutionConfigurationPlatforms) = preSolution
		Debug|Any CPU = Debug|Any CPU
		Release|Any CPU = Release|Any CPU
	EndGlobalSection
	GlobalSection(ProjectConfigurationPlatforms) = postSolution
		{A74D2F73-C757-C0DA-DE14-52D93F4CA26C}.Debug|Any CPU.ActiveCfg = Debug|Any CPU
		{A74D2F73-C757-C0DA-DE14-52D93F4CA26C}.Debug|Any CPU.Build.0 = Debug|Any CPU
		{A74D2F73-C757-C0DA-DE14-52D93F4CA26C}.Release|Any CPU.ActiveCfg = Release|Any CPU
		{A74D2F73-C757-C0DA-DE14-52D93F4CA26C}.Release|Any CPU.Build.0 = Release|Any CPU
	EndGlobalSection
	GlobalSection(SolutionProperties) = preSolution
		HideSolutionNode = FALSE
	EndGlobalSection
	GlobalSection(ExtensibilityGlobals) = postSolution
		SolutionGuid = {E9554FDC-9648-461D-8D8A-2D36E52F428E}
	EndGlobalSection
EndGlobal
